
Microsoft Visual Studio Solution File, Format Version 12.00
# Visual Studio Version 17
VisualStudioVersion = 17.11.35303.130
MinimumVisualStudioVersion = 10.0.40219.1
Project("{FAE04EC0-301F-11D3-BF4B-00C04F79EFBC}") = "örnek1", "örnek1\örnek1.csproj", "{9697DE12-C78A-447C-B7C4-725BA00B39A3}"
EndProject
Global
	GlobalSection(SolutionConfigurationPlatforms) = preSolution
		Debug|Any CPU = Debug|Any CPU
		Release|Any CPU = Release|Any CPU
	EndGlobalSection
	GlobalSection(ProjectConfigurationPlatforms) = postSolution
		{9697DE12-C78A-447C-B7C4-725BA00B39A3}.Debug|Any CPU.ActiveCfg = Debug|Any CPU
		{9697DE12-C78A-447C-B7C4-725BA00B39A3}.Debug|Any CPU.Build.0 = Debug|Any CPU
		{9697DE12-C78A-447C-B7C4-725BA00B39A3}.Release|Any CPU.ActiveCfg = Release|Any CPU
		{9697DE12-C78A-447C-B7C4-725BA00B39A3}.Release|Any CPU.Build.0 = Release|Any CPU
	EndGlobalSection
	GlobalSection(SolutionProperties) = preSolution
		HideSolutionNode = FALSE
	EndGlobalSection
	GlobalSection(ExtensibilityGlobals) = postSolution
		SolutionGuid = {D75D6173-E2ED-4E47-8EAB-0BDC31732BEB}
	EndGlobalSection
EndGlobal
